// !$*UTF8*$!
{
	archiveVersion = 1;
	classes = {
	};
	objectVersion = 46;
	objects = {

/* Begin PBXBuildFile section */
		0903EDBE1CC796F1001EAC76 /* HaithamViewController.swift in Sources */ = {isa = PBXBuildFile; fileRef = 0903EDBD1CC796F1001EAC76 /* HaithamViewController.swift */; };
		A7C6EFCA1CC68D9000F45655 /* AppDelegate.swift in Sources */ = {isa = PBXBuildFile; fileRef = A7C6EFC91CC68D9000F45655 /* AppDelegate.swift */; };
		A7C6EFCC1CC68D9000F45655 /* ViewController.swift in Sources */ = {isa = PBXBuildFile; fileRef = A7C6EFCB1CC68D9000F45655 /* ViewController.swift */; };
		A7C6EFCF1CC68D9000F45655 /* Main.storyboard in Resources */ = {isa = PBXBuildFile; fileRef = A7C6EFCD1CC68D9000F45655 /* Main.storyboard */; };
		A7C6EFD21CC68D9000F45655 /* SpellAdvertising.xcdatamodeld in Sources */ = {isa = PBXBuildFile; fileRef = A7C6EFD01CC68D9000F45655 /* SpellAdvertising.xcdatamodeld */; };
		A7C6EFD41CC68D9000F45655 /* Assets.xcassets in Resources */ = {isa = PBXBuildFile; fileRef = A7C6EFD31CC68D9000F45655 /* Assets.xcassets */; };
		A7C6EFD71CC68D9000F45655 /* LaunchScreen.storyboard in Resources */ = {isa = PBXBuildFile; fileRef = A7C6EFD51CC68D9000F45655 /* LaunchScreen.storyboard */; };
		A7C6EFE21CC68D9000F45655 /* SpellAdvertisingTests.swift in Sources */ = {isa = PBXBuildFile; fileRef = A7C6EFE11CC68D9000F45655 /* SpellAdvertisingTests.swift */; };
		A7C6EFED1CC68D9100F45655 /* SpellAdvertisingUITests.swift in Sources */ = {isa = PBXBuildFile; fileRef = A7C6EFEC1CC68D9100F45655 /* SpellAdvertisingUITests.swift */; };
/* End PBXBuildFile section */

/* Begin PBXContainerItemProxy section */
		A7C6EFDE1CC68D9000F45655 /* PBXContainerItemProxy */ = {
			isa = PBXContainerItemProxy;
			containerPortal = A7C6EFBE1CC68D9000F45655 /* Project object */;
			proxyType = 1;
			remoteGlobalIDString = A7C6EFC51CC68D9000F45655;
			remoteInfo = SpellAdvertising;
		};
		A7C6EFE91CC68D9100F45655 /* PBXContainerItemProxy */ = {
			isa = PBXContainerItemProxy;
			containerPortal = A7C6EFBE1CC68D9000F45655 /* Project object */;
			proxyType = 1;
			remoteGlobalIDString = A7C6EFC51CC68D9000F45655;
			remoteInfo = SpellAdvertising;
		};
/* End PBXContainerItemProxy section */

/* Begin PBXFileReference section */
		0903EDBD1CC796F1001EAC76 /* HaithamViewController.swift */ = {isa = PBXFileReference; fileEncoding = 4; lastKnownFileType = sourcecode.swift; path = HaithamViewController.swift; sourceTree = "<group>"; };
		A7C6EFC61CC68D9000F45655 /* SpellAdvertising.app */ = {isa = PBXFileReference; explicitFileType = wrapper.application; includeInIndex = 0; path = SpellAdvertising.app; sourceTree = BUILT_PRODUCTS_DIR; };
		A7C6EFC91CC68D9000F45655 /* AppDelegate.swift */ = {isa = PBXFileReference; lastKnownFileType = sourcecode.swift; path = AppDelegate.swift; sourceTree = "<group>"; };
		A7C6EFCB1CC68D9000F45655 /* ViewController.swift */ = {isa = PBXFileReference; lastKnownFileType = sourcecode.swift; path = ViewController.swift; sourceTree = "<group>"; };
		A7C6EFCE1CC68D9000F45655 /* Base */ = {isa = PBXFileReference; lastKnownFileType = file.storyboard; name = Base; path = Base.lproj/Main.storyboard; sourceTree = "<group>"; };
		A7C6EFD11CC68D9000F45655 /* SpellAdvertising.xcdatamodel */ = {isa = PBXFileReference; lastKnownFileType = wrapper.xcdatamodel; path = SpellAdvertising.xcdatamodel; sourceTree = "<group>"; };
		A7C6EFD31CC68D9000F45655 /* Assets.xcassets */ = {isa = PBXFileReference; lastKnownFileType = folder.assetcatalog; path = Assets.xcassets; sourceTree = "<group>"; };
		A7C6EFD61CC68D9000F45655 /* Base */ = {isa = PBXFileReference; lastKnownFileType = file.storyboard; name = Base; path = Base.lproj/LaunchScreen.storyboard; sourceTree = "<group>"; };
		A7C6EFD81CC68D9000F45655 /* Info.plist */ = {isa = PBXFileReference; lastKnownFileType = text.plist.xml; path = Info.plist; sourceTree = "<group>"; };
		A7C6EFDD1CC68D9000F45655 /* SpellAdvertisingTests.xctest */ = {isa = PBXFileReference; explicitFileType = wrapper.cfbundle; includeInIndex = 0; path = SpellAdvertisingTests.xctest; sourceTree = BUILT_PRODUCTS_DIR; };
		A7C6EFE11CC68D9000F45655 /* SpellAdvertisingTests.swift */ = {isa = PBXFileReference; lastKnownFileType = sourcecode.swift; path = SpellAdvertisingTests.swift; sourceTree = "<group>"; };
		A7C6EFE31CC68D9000F45655 /* Info.plist */ = {isa = PBXFileReference; lastKnownFileType = text.plist.xml; path = Info.plist; sourceTree = "<group>"; };
		A7C6EFE81CC68D9100F45655 /* SpellAdvertisingUITests.xctest */ = {isa = PBXFileReference; explicitFileType = wrapper.cfbundle; includeInIndex = 0; path = SpellAdvertisingUITests.xctest; sourceTree = BUILT_PRODUCTS_DIR; };
		A7C6EFEC1CC68D9100F45655 /* SpellAdvertisingUITests.swift */ = {isa = PBXFileReference; lastKnownFileType = sourcecode.swift; path = SpellAdvertisingUITests.swift; sourceTree = "<group>"; };
		A7C6EFEE1CC68D9100F45655 /* Info.plist */ = {isa = PBXFileReference; lastKnownFileType = text.plist.xml; path = Info.plist; sourceTree = "<group>"; };
/* End PBXFileReference section */

/* Begin PBXFrameworksBuildPhase section */
		A7C6EFC31CC68D9000F45655 /* Frameworks */ = {
			isa = PBXFrameworksBuildPhase;
			buildActionMask = 2147483647;
			files = (
			);
			runOnlyForDeploymentPostprocessing = 0;
		};
		A7C6EFDA1CC68D9000F45655 /* Frameworks */ = {
			isa = PBXFrameworksBuildPhase;
			buildActionMask = 2147483647;
			files = (
			);
			runOnlyForDeploymentPostprocessing = 0;
		};
		A7C6EFE51CC68D9000F45655 /* Frameworks */ = {
			isa = PBXFrameworksBuildPhase;
			buildActionMask = 2147483647;
			files = (
			);
			runOnlyForDeploymentPostprocessing = 0;
		};
/* End PBXFrameworksBuildPhase section */

/* Begin PBXGroup section */
		A7C6EFBD1CC68D9000F45655 = {
			isa = PBXGroup;
			children = (
				A7C6EFC81CC68D9000F45655 /* SpellAdvertising */,
				A7C6EFE01CC68D9000F45655 /* SpellAdvertisingTests */,
				A7C6EFEB1CC68D9100F45655 /* SpellAdvertisingUITests */,
				A7C6EFC71CC68D9000F45655 /* Products */,
			);
			sourceTree = "<group>";
		};
		A7C6EFC71CC68D9000F45655 /* Products */ = {
			isa = PBXGroup;
			children = (
				A7C6EFC61CC68D9000F45655 /* SpellAdvertising.app */,
				A7C6EFDD1CC68D9000F45655 /* SpellAdvertisingTests.xctest */,
				A7C6EFE81CC68D9100F45655 /* SpellAdvertisingUITests.xctest */,
			);
			name = Products;
			sourceTree = "<group>";
		};
		A7C6EFC81CC68D9000F45655 /* SpellAdvertising */ = {
			isa = PBXGroup;
			children = (
				A7C6EFC91CC68D9000F45655 /* AppDelegate.swift */,
				A7C6EFCB1CC68D9000F45655 /* ViewController.swift */,
				A7C6EFCD1CC68D9000F45655 /* Main.storyboard */,
				A7C6EFD31CC68D9000F45655 /* Assets.xcassets */,
				A7C6EFD51CC68D9000F45655 /* LaunchScreen.storyboard */,
				A7C6EFD81CC68D9000F45655 /* Info.plist */,
				A7C6EFD01CC68D9000F45655 /* SpellAdvertising.xcdatamodeld */,
				0903EDBD1CC796F1001EAC76 /* HaithamViewController.swift */,
			);
			path = SpellAdvertising;
			sourceTree = "<group>";
		};
		A7C6EFE01CC68D9000F45655 /* SpellAdvertisingTests */ = {
			isa = PBXGroup;
			children = (
				A7C6EFE11CC68D9000F45655 /* SpellAdvertisingTests.swift */,
				A7C6EFE31CC68D9000F45655 /* Info.plist */,
			);
			path = SpellAdvertisingTests;
			sourceTree = "<group>";
		};
		A7C6EFEB1CC68D9100F45655 /* SpellAdvertisingUITests */ = {
			isa = PBXGroup;
			children = (
				A7C6EFEC1CC68D9100F45655 /* SpellAdvertisingUITests.swift */,
				A7C6EFEE1CC68D9100F45655 /* Info.plist */,
			);
			path = SpellAdvertisingUITests;
			sourceTree = "<group>";
		};
/* End PBXGroup section */

/* Begin PBXNativeTarget section */
		A7C6EFC51CC68D9000F45655 /* SpellAdvertising */ = {
			isa = PBXNativeTarget;
			buildConfigurationList = A7C6EFF11CC68D9100F45655 /* Build configuration list for PBXNativeTarget "SpellAdvertising" */;
			buildPhases = (
				A7C6EFC21CC68D9000F45655 /* Sources */,
				A7C6EFC31CC68D9000F45655 /* Frameworks */,
				A7C6EFC41CC68D9000F45655 /* Resources */,
			);
			buildRules = (
			);
			dependencies = (
			);
			name = SpellAdvertising;
			productName = SpellAdvertising;
			productReference = A7C6EFC61CC68D9000F45655 /* SpellAdvertising.app */;
			productType = "com.apple.product-type.application";
		};
		A7C6EFDC1CC68D9000F45655 /* SpellAdvertisingTests */ = {
			isa = PBXNativeTarget;
			buildConfigurationList = A7C6EFF41CC68D9100F45655 /* Build configuration list for PBXNativeTarget "SpellAdvertisingTests" */;
			buildPhases = (
				A7C6EFD91CC68D9000F45655 /* Sources */,
				A7C6EFDA1CC68D9000F45655 /* Frameworks */,
				A7C6EFDB1CC68D9000F45655 /* Resources */,
			);
			buildRules = (
			);
			dependencies = (
				A7C6EFDF1CC68D9000F45655 /* PBXTargetDependency */,
			);
			name = SpellAdvertisingTests;
			productName = SpellAdvertisingTests;
			productReference = A7C6EFDD1CC68D9000F45655 /* SpellAdvertisingTests.xctest */;
			productType = "com.apple.product-type.bundle.unit-test";
		};
		A7C6EFE71CC68D9000F45655 /* SpellAdvertisingUITests */ = {
			isa = PBXNativeTarget;
			buildConfigurationList = A7C6EFF71CC68D9100F45655 /* Build configuration list for PBXNativeTarget "SpellAdvertisingUITests" */;
			buildPhases = (
				A7C6EFE41CC68D9000F45655 /* Sources */,
				A7C6EFE51CC68D9000F45655 /* Frameworks */,
				A7C6EFE61CC68D9000F45655 /* Resources */,
			);
			buildRules = (
			);
			dependencies = (
				A7C6EFEA1CC68D9100F45655 /* PBXTargetDependency */,
			);
			name = SpellAdvertisingUITests;
			productName = SpellAdvertisingUITests;
			productReference = A7C6EFE81CC68D9100F45655 /* SpellAdvertisingUITests.xctest */;
			productType = "com.apple.product-type.bundle.ui-testing";
		};
/* End PBXNativeTarget section */

/* Begin PBXProject section */
		A7C6EFBE1CC68D9000F45655 /* Project object */ = {
			isa = PBXProject;
			attributes = {
				LastSwiftUpdateCheck = 0730;
				LastUpgradeCheck = 0730;
				ORGANIZATIONNAME = Spelladvertising;
				TargetAttributes = {
					A7C6EFC51CC68D9000F45655 = {
						CreatedOnToolsVersion = 7.3;
					};
					A7C6EFDC1CC68D9000F45655 = {
						CreatedOnToolsVersion = 7.3;
						TestTargetID = A7C6EFC51CC68D9000F45655;
					};
					A7C6EFE71CC68D9000F45655 = {
						CreatedOnToolsVersion = 7.3;
						TestTargetID = A7C6EFC51CC68D9000F45655;
					};
				};
			};
			buildConfigurationList = A7C6EFC11CC68D9000F45655 /* Build configuration list for PBXProject "SpellAdvertising" */;
			compatibilityVersion = "Xcode 3.2";
			developmentRegion = English;
			hasScannedForEncodings = 0;
			knownRegions = (
				en,
				Base,
			);
			mainGroup = A7C6EFBD1CC68D9000F45655;
			productRefGroup = A7C6EFC71CC68D9000F45655 /* Products */;
			projectDirPath = "";
			projectRoot = "";
			targets = (
				A7C6EFC51CC68D9000F45655 /* SpellAdvertising */,
				A7C6EFDC1CC68D9000F45655 /* SpellAdvertisingTests */,
				A7C6EFE71CC68D9000F45655 /* SpellAdvertisingUITests */,
			);
		};
/* End PBXProject section */

/* Begin PBXResourcesBuildPhase section */
		A7C6EFC41CC68D9000F45655 /* Resources */ = {
			isa = PBXResourcesBuildPhase;
			buildActionMask = 2147483647;
			files = (
				A7C6EFD71CC68D9000F45655 /* LaunchScreen.storyboard in Resources */,
				A7C6EFD41CC68D9000F45655 /* Assets.xcassets in Resources */,
				A7C6EFCF1CC68D9000F45655 /* Main.storyboard in Resources */,
			);
			runOnlyForDeploymentPostprocessing = 0;
		};
		A7C6EFDB1CC68D9000F45655 /* Resources */ = {
			isa = PBXResourcesBuildPhase;
			buildActionMask = 2147483647;
			files = (
			);
			runOnlyForDeploymentPostprocessing = 0;
		};
		A7C6EFE61CC68D9000F45655 /* Resources */ = {
			isa = PBXResourcesBuildPhase;
			buildActionMask = 2147483647;
			files = (
			);
			runOnlyForDeploymentPostprocessing = 0;
		};
/* End PBXResourcesBuildPhase section */

/* Begin PBXSourcesBuildPhase section */
		A7C6EFC21CC68D9000F45655 /* Sources */ = {
			isa = PBXSourcesBuildPhase;
			buildActionMask = 2147483647;
			files = (
				A7C6EFCC1CC68D9000F45655 /* ViewController.swift in Sources */,
				0903EDBE1CC796F1001EAC76 /* HaithamViewController.swift in Sources */,
				A7C6EFCA1CC68D9000F45655 /* AppDelegate.swift in Sources */,
				A7C6EFD21CC68D9000F45655 /* SpellAdvertising.xcdatamodeld in Sources */,
			);
			runOnlyForDeploymentPostprocessing = 0;
		};
		A7C6EFD91CC68D9000F45655 /* Sources */ = {
			isa = PBXSourcesBuildPhase;
			buildActionMask = 2147483647;
			files = (
				A7C6EFE21CC68D9000F45655 /* SpellAdvertisingTests.swift in Sources */,
			);
			runOnlyForDeploymentPostprocessing = 0;
		};
		A7C6EFE41CC68D9000F45655 /* Sources */ = {
			isa = PBXSourcesBuildPhase;
			buildActionMask = 2147483647;
			files = (
				A7C6EFED1CC68D9100F45655 /* SpellAdvertisingUITests.swift in Sources */,
			);
			runOnlyForDeploymentPostprocessing = 0;
		};
/* End PBXSourcesBuildPhase section */

/* Begin PBXTargetDependency section */
		A7C6EFDF1CC68D9000F45655 /* PBXTargetDependency */ = {
			isa = PBXTargetDependency;
			target = A7C6EFC51CC68D9000F45655 /* SpellAdvertising */;
			targetProxy = A7C6EFDE1CC68D9000F45655 /* PBXContainerItemProxy */;
		};
		A7C6EFEA1CC68D9100F45655 /* PBXTargetDependency */ = {
			isa = PBXTargetDependency;
			target = A7C6EFC51CC68D9000F45655 /* SpellAdvertising */;
			targetProxy = A7C6EFE91CC68D9100F45655 /* PBXContainerItemProxy */;
		};
/* End PBXTargetDependency section */

/* Begin PBXVariantGroup section */
		A7C6EFCD1CC68D9000F45655 /* Main.storyboard */ = {
			isa = PBXVariantGroup;
			children = (
				A7C6EFCE1CC68D9000F45655 /* Base */,
			);
			name = Main.storyboard;
			sourceTree = "<group>";
		};
		A7C6EFD51CC68D9000F45655 /* LaunchScreen.storyboard */ = {
			isa = PBXVariantGroup;
			children = (
				A7C6EFD61CC68D9000F45655 /* Base */,
			);
			name = LaunchScreen.storyboard;
			sourceTree = "<group>";
		};
/* End PBXVariantGroup section */

/* Begin XCBuildConfiguration section */
		A7C6EFEF1CC68D9100F45655 /* Debug */ = {
			isa = XCBuildConfiguration;
			buildSettings = {
				ALWAYS_SEARCH_USER_PATHS = NO;
				CLANG_ANALYZER_NONNULL = YES;
				CLANG_CXX_LANGUAGE_STANDARD = "gnu++0x";
				CLANG_CXX_LIBRARY = "libc++";
				CLANG_ENABLE_MODULES = YES;
				CLANG_ENABLE_OBJC_ARC = YES;
				CLANG_WARN_BOOL_CONVERSION = YES;
				CLANG_WARN_CONSTANT_CONVERSION = YES;
				CLANG_WARN_DIRECT_OBJC_ISA_USAGE = YES_ERROR;
				CLANG_WARN_EMPTY_BODY = YES;
				CLANG_WARN_ENUM_CONVERSION = YES;
				CLANG_WARN_INT_CONVERSION = YES;
				CLANG_WARN_OBJC_ROOT_CLASS = YES_ERROR;
				CLANG_WARN_UNREACHABLE_CODE = YES;
				CLANG_WARN__DUPLICATE_METHOD_MATCH = YES;
				"CODE_SIGN_IDENTITY[sdk=iphoneos*]" = "iPhone Developer";
				COPY_PHASE_STRIP = NO;
				DEBUG_INFORMATION_FORMAT = dwarf;
				ENABLE_STRICT_OBJC_MSGSEND = YES;
				ENABLE_TESTABILITY = YES;
				GCC_C_LANGUAGE_STANDARD = gnu99;
				GCC_DYNAMIC_NO_PIC = NO;
				GCC_NO_COMMON_BLOCKS = YES;
				GCC_OPTIMIZATION_LEVEL = 0;
				GCC_PREPROCESSOR_DEFINITIONS = (
					"DEBUG=1",
					"$(inherited)",
				);
				GCC_WARN_64_TO_32_BIT_CONVERSION = YES;
				GCC_WARN_ABOUT_RETURN_TYPE = YES_ERROR;
				GCC_WARN_UNDECLARED_SELECTOR = YES;
				GCC_WARN_UNINITIALIZED_AUTOS = YES_AGGRESSIVE;
				GCC_WARN_UNUSED_FUNCTION = YES;
				GCC_WARN_UNUSED_VARIABLE = YES;
				IPHONEOS_DEPLOYMENT_TARGET = 9.3;
				MTL_ENABLE_DEBUG_INFO = YES;
				ONLY_ACTIVE_ARCH = YES;
				SDKROOT = iphoneos;
				SWIFT_OPTIMIZATION_LEVEL = "-Onone";
			};
			name = Debug;
		};
		A7C6EFF01CC68D9100F45655 /* Release */ = {
			isa = XCBuildConfiguration;
			buildSettings = {
				ALWAYS_SEARCH_USER_PATHS = NO;
				CLANG_ANALYZER_NONNULL = YES;
				CLANG_CXX_LANGUAGE_STANDARD = "gnu++0x";
				CLANG_CXX_LIBRARY = "libc++";
				CLANG_ENABLE_MODULES = YES;
				CLANG_ENABLE_OBJC_ARC = YES;
				CLANG_WARN_BOOL_CONVERSION = YES;
				CLANG_WARN_CONSTANT_CONVERSION = YES;
				CLANG_WARN_DIRECT_OBJC_ISA_USAGE = YES_ERROR;
				CLANG_WARN_EMPTY_BODY = YES;
				CLANG_WARN_ENUM_CONVERSION = YES;
				CLANG_WARN_INT_CONVERSION = YES;
				CLANG_WARN_OBJC_ROOT_CLASS = YES_ERROR;
				CLANG_WARN_UNREACHABLE_CODE = YES;
				CLANG_WARN__DUPLICATE_METHOD_MATCH = YES;
				"CODE_SIGN_IDENTITY[sdk=iphoneos*]" = "iPhone Developer";
				COPY_PHASE_STRIP = NO;
				DEBUG_INFORMATION_FORMAT = "dwarf-with-dsym";
				ENABLE_NS_ASSERTIONS = NO;
				ENABLE_STRICT_OBJC_MSGSEND = YES;
				GCC_C_LANGUAGE_STANDARD = gnu99;
				GCC_NO_COMMON_BLOCKS = YES;
				GCC_WARN_64_TO_32_BIT_CONVERSION = YES;
				GCC_WARN_ABOUT_RETURN_TYPE = YES_ERROR;
				GCC_WARN_UNDECLARED_SELECTOR = YES;
				GCC_WARN_UNINITIALIZED_AUTOS = YES_AGGRESSIVE;
				GCC_WARN_UNUSED_FUNCTION = YES;
				GCC_WARN_UNUSED_VARIABLE = YES;
				IPHONEOS_DEPLOYMENT_TARGET = 9.3;
				MTL_ENABLE_DEBUG_INFO = NO;
				SDKROOT = iphoneos;
				VALIDATE_PRODUCT = YES;
			};
			name = Release;
		};
		A7C6EFF21CC68D9100F45655 /* Debug */ = {
			isa = XCBuildConfiguration;
			buildSettings = {
				ASSETCATALOG_COMPILER_APPICON_NAME = AppIcon;
				CLANG_ENABLE_MODULES = YES;
				INFOPLIST_FILE = SpellAdvertising/Info.plist;
				LD_RUNPATH_SEARCH_PATHS = "$(inherited) @executable_path/Frameworks";
				PRODUCT_BUNDLE_IDENTIFIER = com.spellAdvert.SpellAdvertising;
				PRODUCT_NAME = "$(TARGET_NAME)";
				SWIFT_OBJC_BRIDGING_HEADER = "SpellAdvertising/SpellAdvertising-Bridging-Header.h";
				SWIFT_OPTIMIZATION_LEVEL = "-Onone";
			};
			name = Debug;
		};
		A7C6EFF31CC68D9100F45655 /* Release */ = {
			isa = XCBuildConfiguration;
			buildSettings = {
				ASSETCATALOG_COMPILER_APPICON_NAME = AppIcon;
				CLANG_ENABLE_MODULES = YES;
				INFOPLIST_FILE = SpellAdvertising/Info.plist;
				LD_RUNPATH_SEARCH_PATHS = "$(inherited) @executable_path/Frameworks";
				PRODUCT_BUNDLE_IDENTIFIER = com.spellAdvert.SpellAdvertising;
				PRODUCT_NAME = "$(TARGET_NAME)";
				SWIFT_OBJC_BRIDGING_HEADER = "SpellAdvertising/SpellAdvertising-Bridging-Header.h";
			};
			name = Release;
		};
		A7C6EFF51CC68D9100F45655 /* Debug */ = {
			isa = XCBuildConfiguration;
			buildSettings = {
				BUNDLE_LOADER = "$(TEST_HOST)";
				INFOPLIST_FILE = SpellAdvertisingTests/Info.plist;
				LD_RUNPATH_SEARCH_PATHS = "$(inherited) @executable_path/Frameworks @loader_path/Frameworks";
				PRODUCT_BUNDLE_IDENTIFIER = com.spellAdvert.SpellAdvertisingTests;
				PRODUCT_NAME = "$(TARGET_NAME)";
				TEST_HOST = "$(BUILT_PRODUCTS_DIR)/SpellAdvertising.app/SpellAdvertising";
			};
			name = Debug;
		};
		A7C6EFF61CC68D9100F45655 /* Release */ = {
			isa = XCBuildConfiguration;
			buildSettings = {
				BUNDLE_LOADER = "$(TEST_HOST)";
				INFOPLIST_FILE = SpellAdvertisingTests/Info.plist;
				LD_RUNPATH_SEARCH_PATHS = "$(inherited) @executable_path/Frameworks @loader_path/Frameworks";
				PRODUCT_BUNDLE_IDENTIFIER = com.spellAdvert.SpellAdvertisingTests;
				PRODUCT_NAME = "$(TARGET_NAME)";
				TEST_HOST = "$(BUILT_PRODUCTS_DIR)/SpellAdvertising.app/SpellAdvertising";
			};
			name = Release;
		};
		A7C6EFF81CC68D9100F45655 /* Debug */ = {
			isa = XCBuildConfiguration;
			buildSettings = {
				INFOPLIST_FILE = SpellAdvertisingUITests/Info.plist;
				LD_RUNPATH_SEARCH_PATHS = "$(inherited) @executable_path/Frameworks @loader_path/Frameworks";
				PRODUCT_BUNDLE_IDENTIFIER = com.spellAdvert.SpellAdvertisingUITests;
				PRODUCT_NAME = "$(TARGET_NAME)";
				TEST_TARGET_NAME = SpellAdvertising;
			};
			name = Debug;
		};
		A7C6EFF91CC68D9100F45655 /* Release */ = {
			isa = XCBuildConfiguration;
			buildSettings = {
				INFOPLIST_FILE = SpellAdvertisingUITests/Info.plist;
				LD_RUNPATH_SEARCH_PATHS = "$(inherited) @executable_path/Frameworks @loader_path/Frameworks";
				PRODUCT_BUNDLE_IDENTIFIER = com.spellAdvert.SpellAdvertisingUITests;
				PRODUCT_NAME = "$(TARGET_NAME)";
				TEST_TARGET_NAME = SpellAdvertising;
			};
			name = Release;
		};
/* End XCBuildConfiguration section */

/* Begin XCConfigurationList section */
		A7C6EFC11CC68D9000F45655 /* Build configuration list for PBXProject "SpellAdvertising" */ = {
			isa = XCConfigurationList;
			buildConfigurations = (
				A7C6EFEF1CC68D9100F45655 /* Debug */,
				A7C6EFF01CC68D9100F45655 /* Release */,
			);
			defaultConfigurationIsVisible = 0;
			defaultConfigurationName = Release;
		};
		A7C6EFF11CC68D9100F45655 /* Build configuration list for PBXNativeTarget "SpellAdvertising" */ = {
			isa = XCConfigurationList;
			buildConfigurations = (
				A7C6EFF21CC68D9100F45655 /* Debug */,
				A7C6EFF31CC68D9100F45655 /* Release */,
			);
			defaultConfigurationIsVisible = 0;
			defaultConfigurationName = Release;
		};
		A7C6EFF41CC68D9100F45655 /* Build configuration list for PBXNativeTarget "SpellAdvertisingTests" */ = {
			isa = XCConfigurationList;
			buildConfigurations = (
				A7C6EFF51CC68D9100F45655 /* Debug */,
				A7C6EFF61CC68D9100F45655 /* Release */,
			);
			defaultConfigurationIsVisible = 0;
			defaultConfigurationName = Release;
		};
		A7C6EFF71CC68D9100F45655 /* Build configuration list for PBXNativeTarget "SpellAdvertisingUITests" */ = {
			isa = XCConfigurationList;
			buildConfigurations = (
				A7C6EFF81CC68D9100F45655 /* Debug */,
				A7C6EFF91CC68D9100F45655 /* Release */,
			);
			defaultConfigurationIsVisible = 0;
			defaultConfigurationName = Release;
		};
/* End XCConfigurationList section */

/* Begin XCVersionGroup section */
		A7C6EFD01CC68D9000F45655 /* SpellAdvertising.xcdatamodeld */ = {
			isa = XCVersionGroup;
			children = (
				A7C6EFD11CC68D9000F45655 /* SpellAdvertising.xcdatamodel */,
			);
			currentVersion = A7C6EFD11CC68D9000F45655 /* SpellAdvertising.xcdatamodel */;
			path = SpellAdvertising.xcdatamodeld;
			sourceTree = "<group>";
			versionGroupType = wrapper.xcdatamodel;
		};
/* End XCVersionGroup section */
	};
	rootObject = A7C6EFBE1CC68D9000F45655 /* Project object */;
}
